// !$*UTF8*$!
{
	archiveVersion = 1;
	classes = {
	};
	objectVersion = 48;
	objects = {

/* Begin PBXBuildFile section */
		770EC99F21C6CDF900FAEFA1 /* AppDelegate.swift in Sources */ = {isa = PBXBuildFile; fileRef = 770EC99E21C6CDF900FAEFA1 /* AppDelegate.swift */; };
		770EC9A121C6CDF900FAEFA1 /* ViewController.swift in Sources */ = {isa = PBXBuildFile; fileRef = 770EC9A021C6CDF900FAEFA1 /* ViewController.swift */; };
		770EC9A421C6CDF900FAEFA1 /* Main.storyboard in Resources */ = {isa = PBXBuildFile; fileRef = 770EC9A221C6CDF900FAEFA1 /* Main.storyboard */; };
		770EC9A621C6CDF900FAEFA1 /* Assets.xcassets in Resources */ = {isa = PBXBuildFile; fileRef = 770EC9A521C6CDF900FAEFA1 /* Assets.xcassets */; };
		770EC9A921C6CDF900FAEFA1 /* LaunchScreen.storyboard in Resources */ = {isa = PBXBuildFile; fileRef = 770EC9A721C6CDF900FAEFA1 /* LaunchScreen.storyboard */; };
		770EC9BA21C6D20E00FAEFA1 /* UIColor+Extension.swift in Sources */ = {isa = PBXBuildFile; fileRef = 770EC9B921C6D20E00FAEFA1 /* UIColor+Extension.swift */; };
		770EC9BC21C6D8F600FAEFA1 /* UIApplication+Extension.swift in Sources */ = {isa = PBXBuildFile; fileRef = 770EC9BB21C6D8F600FAEFA1 /* UIApplication+Extension.swift */; };
		7789CBF221C6DDEE008A966B /* UIViewController+NavBar.swift in Sources */ = {isa = PBXBuildFile; fileRef = 7789CBF121C6DDEE008A966B /* UIViewController+NavBar.swift */; };
		7789CBF421C6DE84008A966B /* AppDelegate+Extension.swift in Sources */ = {isa = PBXBuildFile; fileRef = 7789CBF321C6DE84008A966B /* AppDelegate+Extension.swift */; };
		7789CBFA21C6E4E4008A966B /* GE_SS_Text_Bold.otf in Resources */ = {isa = PBXBuildFile; fileRef = 7789CBF721C6E4E4008A966B /* GE_SS_Text_Bold.otf */; };
		7789CBFB21C6E4E4008A966B /* GE_SS_Text_Light.otf in Resources */ = {isa = PBXBuildFile; fileRef = 7789CBF821C6E4E4008A966B /* GE_SS_Text_Light.otf */; };
		7789CBFC21C6E4E4008A966B /* GE-SS-Text-Medium.otf in Resources */ = {isa = PBXBuildFile; fileRef = 7789CBF921C6E4E4008A966B /* GE-SS-Text-Medium.otf */; };
/* End PBXBuildFile section */

/* Begin PBXFileReference section */
		770EC99B21C6CDF900FAEFA1 /* MedicalCode.app */ = {isa = PBXFileReference; explicitFileType = wrapper.application; includeInIndex = 0; path = MedicalCode.app; sourceTree = BUILT_PRODUCTS_DIR; };
		770EC99E21C6CDF900FAEFA1 /* AppDelegate.swift */ = {isa = PBXFileReference; lastKnownFileType = sourcecode.swift; path = AppDelegate.swift; sourceTree = "<group>"; };
		770EC9A021C6CDF900FAEFA1 /* ViewController.swift */ = {isa = PBXFileReference; lastKnownFileType = sourcecode.swift; path = ViewController.swift; sourceTree = "<group>"; };
		770EC9A321C6CDF900FAEFA1 /* Base */ = {isa = PBXFileReference; lastKnownFileType = file.storyboard; name = Base; path = Base.lproj/Main.storyboard; sourceTree = "<group>"; };
		770EC9A521C6CDF900FAEFA1 /* Assets.xcassets */ = {isa = PBXFileReference; lastKnownFileType = folder.assetcatalog; path = Assets.xcassets; sourceTree = "<group>"; };
		770EC9A821C6CDF900FAEFA1 /* Base */ = {isa = PBXFileReference; lastKnownFileType = file.storyboard; name = Base; path = Base.lproj/LaunchScreen.storyboard; sourceTree = "<group>"; };
		770EC9AA21C6CDF900FAEFA1 /* Info.plist */ = {isa = PBXFileReference; lastKnownFileType = text.plist.xml; path = Info.plist; sourceTree = "<group>"; };
		770EC9B921C6D20E00FAEFA1 /* UIColor+Extension.swift */ = {isa = PBXFileReference; lastKnownFileType = sourcecode.swift; path = "UIColor+Extension.swift"; sourceTree = "<group>"; };
		770EC9BB21C6D8F600FAEFA1 /* UIApplication+Extension.swift */ = {isa = PBXFileReference; lastKnownFileType = sourcecode.swift; path = "UIApplication+Extension.swift"; sourceTree = "<group>"; };
		7789CBF121C6DDEE008A966B /* UIViewController+NavBar.swift */ = {isa = PBXFileReference; lastKnownFileType = sourcecode.swift; path = "UIViewController+NavBar.swift"; sourceTree = "<group>"; };
		7789CBF321C6DE84008A966B /* AppDelegate+Extension.swift */ = {isa = PBXFileReference; lastKnownFileType = sourcecode.swift; path = "AppDelegate+Extension.swift"; sourceTree = "<group>"; };
		7789CBF721C6E4E4008A966B /* GE_SS_Text_Bold.otf */ = {isa = PBXFileReference; lastKnownFileType = file; path = GE_SS_Text_Bold.otf; sourceTree = "<group>"; };
		7789CBF821C6E4E4008A966B /* GE_SS_Text_Light.otf */ = {isa = PBXFileReference; lastKnownFileType = file; path = GE_SS_Text_Light.otf; sourceTree = "<group>"; };
		7789CBF921C6E4E4008A966B /* GE-SS-Text-Medium.otf */ = {isa = PBXFileReference; lastKnownFileType = file; path = "GE-SS-Text-Medium.otf"; sourceTree = "<group>"; };
/* End PBXFileReference section */

/* Begin PBXFrameworksBuildPhase section */
		770EC99821C6CDF900FAEFA1 /* Frameworks */ = {
			isa = PBXFrameworksBuildPhase;
			buildActionMask = 2147483647;
			files = (
			);
			runOnlyForDeploymentPostprocessing = 0;
		};
/* End PBXFrameworksBuildPhase section */

/* Begin PBXGroup section */
		770EC99221C6CDF900FAEFA1 = {
			isa = PBXGroup;
			children = (
				770EC99D21C6CDF900FAEFA1 /* MedicalCode */,
				770EC99C21C6CDF900FAEFA1 /* Products */,
			);
			sourceTree = "<group>";
		};
		770EC99C21C6CDF900FAEFA1 /* Products */ = {
			isa = PBXGroup;
			children = (
				770EC99B21C6CDF900FAEFA1 /* MedicalCode.app */,
			);
			name = Products;
			sourceTree = "<group>";
		};
		770EC99D21C6CDF900FAEFA1 /* MedicalCode */ = {
			isa = PBXGroup;
			children = (
				770EC99E21C6CDF900FAEFA1 /* AppDelegate.swift */,
				770EC9B321C6D00A00FAEFA1 /* Helper */,
				770EC9B521C6D01D00FAEFA1 /* Utilities */,
				770EC9B421C6D01500FAEFA1 /* Extension */,
				770EC9B621C6D03000FAEFA1 /* API */,
				770EC9B721C6D06000FAEFA1 /* Resources */,
				770EC9B021C6CFA100FAEFA1 /* Model */,
				770EC9B121C6CFAD00FAEFA1 /* View */,
				770EC9B221C6CFB500FAEFA1 /* Controller */,
				770EC9B821C6D07900FAEFA1 /* Storyboards */,
				770EC9A521C6CDF900FAEFA1 /* Assets.xcassets */,
				770EC9AA21C6CDF900FAEFA1 /* Info.plist */,
			);
			path = MedicalCode;
			sourceTree = "<group>";
		};
		770EC9B021C6CFA100FAEFA1 /* Model */ = {
			isa = PBXGroup;
			children = (
			);
			path = Model;
			sourceTree = "<group>";
		};
		770EC9B121C6CFAD00FAEFA1 /* View */ = {
			isa = PBXGroup;
			children = (
			);
			path = View;
			sourceTree = "<group>";
		};
		770EC9B221C6CFB500FAEFA1 /* Controller */ = {
			isa = PBXGroup;
			children = (
				770EC9A021C6CDF900FAEFA1 /* ViewController.swift */,
			);
			path = Controller;
			sourceTree = "<group>";
		};
		770EC9B321C6D00A00FAEFA1 /* Helper */ = {
			isa = PBXGroup;
			children = (
			);
			path = Helper;
			sourceTree = "<group>";
		};
		770EC9B421C6D01500FAEFA1 /* Extension */ = {
			isa = PBXGroup;
			children = (
				770EC9B921C6D20E00FAEFA1 /* UIColor+Extension.swift */,
				770EC9BB21C6D8F600FAEFA1 /* UIApplication+Extension.swift */,
				7789CBF121C6DDEE008A966B /* UIViewController+NavBar.swift */,
				7789CBF321C6DE84008A966B /* AppDelegate+Extension.swift */,
			);
			path = Extension;
			sourceTree = "<group>";
		};
		770EC9B521C6D01D00FAEFA1 /* Utilities */ = {
			isa = PBXGroup;
			children = (
			);
			path = Utilities;
			sourceTree = "<group>";
		};
		770EC9B621C6D03000FAEFA1 /* API */ = {
			isa = PBXGroup;
			children = (
			);
			path = API;
			sourceTree = "<group>";
		};
		770EC9B721C6D06000FAEFA1 /* Resources */ = {
			isa = PBXGroup;
			children = (
				7789CBF721C6E4E4008A966B /* GE_SS_Text_Bold.otf */,
				7789CBF821C6E4E4008A966B /* GE_SS_Text_Light.otf */,
				7789CBF921C6E4E4008A966B /* GE-SS-Text-Medium.otf */,
			);
			path = Resources;
			sourceTree = "<group>";
		};
		770EC9B821C6D07900FAEFA1 /* Storyboards */ = {
			isa = PBXGroup;
			children = (
				770EC9A221C6CDF900FAEFA1 /* Main.storyboard */,
				770EC9A721C6CDF900FAEFA1 /* LaunchScreen.storyboard */,
			);
			path = Storyboards;
			sourceTree = "<group>";
		};
/* End PBXGroup section */

/* Begin PBXNativeTarget section */
		770EC99A21C6CDF900FAEFA1 /* MedicalCode */ = {
			isa = PBXNativeTarget;
			buildConfigurationList = 770EC9AD21C6CDF900FAEFA1 /* Build configuration list for PBXNativeTarget "MedicalCode" */;
			buildPhases = (
				770EC99721C6CDF900FAEFA1 /* Sources */,
				770EC99821C6CDF900FAEFA1 /* Frameworks */,
				770EC99921C6CDF900FAEFA1 /* Resources */,
			);
			buildRules = (
			);
			dependencies = (
			);
			name = MedicalCode;
			productName = MedicalCode;
			productReference = 770EC99B21C6CDF900FAEFA1 /* MedicalCode.app */;
			productType = "com.apple.product-type.application";
		};
/* End PBXNativeTarget section */

/* Begin PBXProject section */
		770EC99321C6CDF900FAEFA1 /* Project object */ = {
			isa = PBXProject;
			attributes = {
				LastSwiftUpdateCheck = 0920;
				LastUpgradeCheck = 0920;
				ORGANIZATIONNAME = Mine;
				TargetAttributes = {
					770EC99A21C6CDF900FAEFA1 = {
						CreatedOnToolsVersion = 9.2;
						ProvisioningStyle = Automatic;
					};
				};
			};
			buildConfigurationList = 770EC99621C6CDF900FAEFA1 /* Build configuration list for PBXProject "MedicalCode" */;
			compatibilityVersion = "Xcode 8.0";
			developmentRegion = en;
			hasScannedForEncodings = 0;
			knownRegions = (
				en,
				Base,
			);
			mainGroup = 770EC99221C6CDF900FAEFA1;
			productRefGroup = 770EC99C21C6CDF900FAEFA1 /* Products */;
			projectDirPath = "";
			projectRoot = "";
			targets = (
				770EC99A21C6CDF900FAEFA1 /* MedicalCode */,
			);
		};
/* End PBXProject section */

/* Begin PBXResourcesBuildPhase section */
		770EC99921C6CDF900FAEFA1 /* Resources */ = {
			isa = PBXResourcesBuildPhase;
			buildActionMask = 2147483647;
			files = (
				770EC9A921C6CDF900FAEFA1 /* LaunchScreen.storyboard in Resources */,
				7789CBFC21C6E4E4008A966B /* GE-SS-Text-Medium.otf in Resources */,
				770EC9A621C6CDF900FAEFA1 /* Assets.xcassets in Resources */,
				770EC9A421C6CDF900FAEFA1 /* Main.storyboard in Resources */,
				7789CBFA21C6E4E4008A966B /* GE_SS_Text_Bold.otf in Resources */,
				7789CBFB21C6E4E4008A966B /* GE_SS_Text_Light.otf in Resources */,
			);
			runOnlyForDeploymentPostprocessing = 0;
		};
/* End PBXResourcesBuildPhase section */

/* Begin PBXSourcesBuildPhase section */
		770EC99721C6CDF900FAEFA1 /* Sources */ = {
			isa = PBXSourcesBuildPhase;
			buildActionMask = 2147483647;
			files = (
				770EC9BA21C6D20E00FAEFA1 /* UIColor+Extension.swift in Sources */,
				770EC9A121C6CDF900FAEFA1 /* ViewController.swift in Sources */,
				770EC9BC21C6D8F600FAEFA1 /* UIApplication+Extension.swift in Sources */,
				770EC99F21C6CDF900FAEFA1 /* AppDelegate.swift in Sources */,
				7789CBF421C6DE84008A966B /* AppDelegate+Extension.swift in Sources */,
				7789CBF221C6DDEE008A966B /* UIViewController+NavBar.swift in Sources */,
			);
			runOnlyForDeploymentPostprocessing = 0;
		};
/* End PBXSourcesBuildPhase section */

/* Begin PBXVariantGroup section */
		770EC9A221C6CDF900FAEFA1 /* Main.storyboard */ = {
			isa = PBXVariantGroup;
			children = (
				770EC9A321C6CDF900FAEFA1 /* Base */,
			);
			name = Main.storyboard;
			sourceTree = "<group>";
		};
		770EC9A721C6CDF900FAEFA1 /* LaunchScreen.storyboard */ = {
			isa = PBXVariantGroup;
			children = (
				770EC9A821C6CDF900FAEFA1 /* Base */,
			);
			name = LaunchScreen.storyboard;
			sourceTree = "<group>";
		};
/* End PBXVariantGroup section */

/* Begin XCBuildConfiguration section */
		770EC9AB21C6CDF900FAEFA1 /* Debug */ = {
			isa = XCBuildConfiguration;
			buildSettings = {
				ALWAYS_SEARCH_USER_PATHS = NO;
				CLANG_ANALYZER_NONNULL = YES;
				CLANG_ANALYZER_NUMBER_OBJECT_CONVERSION = YES_AGGRESSIVE;
				CLANG_CXX_LANGUAGE_STANDARD = "gnu++14";
				CLANG_CXX_LIBRARY = "libc++";
				CLANG_ENABLE_MODULES = YES;
				CLANG_ENABLE_OBJC_ARC = YES;
				CLANG_WARN_BLOCK_CAPTURE_AUTORELEASING = YES;
				CLANG_WARN_BOOL_CONVERSION = YES;
				CLANG_WARN_COMMA = YES;
				CLANG_WARN_CONSTANT_CONVERSION = YES;
				CLANG_WARN_DIRECT_OBJC_ISA_USAGE = YES_ERROR;
				CLANG_WARN_DOCUMENTATION_COMMENTS = YES;
				CLANG_WARN_EMPTY_BODY = YES;
				CLANG_WARN_ENUM_CONVERSION = YES;
				CLANG_WARN_INFINITE_RECURSION = YES;
				CLANG_WARN_INT_CONVERSION = YES;
				CLANG_WARN_NON_LITERAL_NULL_CONVERSION = YES;
				CLANG_WARN_OBJC_LITERAL_CONVERSION = YES;
				CLANG_WARN_OBJC_ROOT_CLASS = YES_ERROR;
				CLANG_WARN_RANGE_LOOP_ANALYSIS = YES;
				CLANG_WARN_STRICT_PROTOTYPES = YES;
				CLANG_WARN_SUSPICIOUS_MOVE = YES;
				CLANG_WARN_UNGUARDED_AVAILABILITY = YES_AGGRESSIVE;
				CLANG_WARN_UNREACHABLE_CODE = YES;
				CLANG_WARN__DUPLICATE_METHOD_MATCH = YES;
				CODE_SIGN_IDENTITY = "iPhone Developer";
				COPY_PHASE_STRIP = NO;
				DEBUG_INFORMATION_FORMAT = dwarf;
				ENABLE_STRICT_OBJC_MSGSEND = YES;
				ENABLE_TESTABILITY = YES;
				GCC_C_LANGUAGE_STANDARD = gnu11;
				GCC_DYNAMIC_NO_PIC = NO;
				GCC_NO_COMMON_BLOCKS = YES;
				GCC_OPTIMIZATION_LEVEL = 0;
				GCC_PREPROCESSOR_DEFINITIONS = (
					"DEBUG=1",
					"$(inherited)",
				);
				GCC_WARN_64_TO_32_BIT_CONVERSION = YES;
				GCC_WARN_ABOUT_RETURN_TYPE = YES_ERROR;
				GCC_WARN_UNDECLARED_SELECTOR = YES;
				GCC_WARN_UNINITIALIZED_AUTOS = YES_AGGRESSIVE;
				GCC_WARN_UNUSED_FUNCTION = YES;
				GCC_WARN_UNUSED_VARIABLE = YES;
				IPHONEOS_DEPLOYMENT_TARGET = 11.2;
				MTL_ENABLE_DEBUG_INFO = YES;
				ONLY_ACTIVE_ARCH = YES;
				SDKROOT = iphoneos;
				SWIFT_ACTIVE_COMPILATION_CONDITIONS = DEBUG;
				SWIFT_OPTIMIZATION_LEVEL = "-Onone";
			};
			name = Debug;
		};
		770EC9AC21C6CDF900FAEFA1 /* Release */ = {
			isa = XCBuildConfiguration;
			buildSettings = {
				ALWAYS_SEARCH_USER_PATHS = NO;
				CLANG_ANALYZER_NONNULL = YES;
				CLANG_ANALYZER_NUMBER_OBJECT_CONVERSION = YES_AGGRESSIVE;
				CLANG_CXX_LANGUAGE_STANDARD = "gnu++14";
				CLANG_CXX_LIBRARY = "libc++";
				CLANG_ENABLE_MODULES = YES;
				CLANG_ENABLE_OBJC_ARC = YES;
				CLANG_WARN_BLOCK_CAPTURE_AUTORELEASING = YES;
				CLANG_WARN_BOOL_CONVERSION = YES;
				CLANG_WARN_COMMA = YES;
				CLANG_WARN_CONSTANT_CONVERSION = YES;
				CLANG_WARN_DIRECT_OBJC_ISA_USAGE = YES_ERROR;
				CLANG_WARN_DOCUMENTATION_COMMENTS = YES;
				CLANG_WARN_EMPTY_BODY = YES;
				CLANG_WARN_ENUM_CONVERSION = YES;
				CLANG_WARN_INFINITE_RECURSION = YES;
				CLANG_WARN_INT_CONVERSION = YES;
				CLANG_WARN_NON_LITERAL_NULL_CONVERSION = YES;
				CLANG_WARN_OBJC_LITERAL_CONVERSION = YES;
				CLANG_WARN_OBJC_ROOT_CLASS = YES_ERROR;
				CLANG_WARN_RANGE_LOOP_ANALYSIS = YES;
				CLANG_WARN_STRICT_PROTOTYPES = YES;
				CLANG_WARN_SUSPICIOUS_MOVE = YES;
				CLANG_WARN_UNGUARDED_AVAILABILITY = YES_AGGRESSIVE;
				CLANG_WARN_UNREACHABLE_CODE = YES;
				CLANG_WARN__DUPLICATE_METHOD_MATCH = YES;
				CODE_SIGN_IDENTITY = "iPhone Developer";
				COPY_PHASE_STRIP = NO;
				DEBUG_INFORMATION_FORMAT = "dwarf-with-dsym";
				ENABLE_NS_ASSERTIONS = NO;
				ENABLE_STRICT_OBJC_MSGSEND = YES;
				GCC_C_LANGUAGE_STANDARD = gnu11;
				GCC_NO_COMMON_BLOCKS = YES;
				GCC_WARN_64_TO_32_BIT_CONVERSION = YES;
				GCC_WARN_ABOUT_RETURN_TYPE = YES_ERROR;
				GCC_WARN_UNDECLARED_SELECTOR = YES;
				GCC_WARN_UNINITIALIZED_AUTOS = YES_AGGRESSIVE;
				GCC_WARN_UNUSED_FUNCTION = YES;
				GCC_WARN_UNUSED_VARIABLE = YES;
				IPHONEOS_DEPLOYMENT_TARGET = 11.2;
				MTL_ENABLE_DEBUG_INFO = NO;
				SDKROOT = iphoneos;
				SWIFT_OPTIMIZATION_LEVEL = "-Owholemodule";
				VALIDATE_PRODUCT = YES;
			};
			name = Release;
		};
		770EC9AE21C6CDF900FAEFA1 /* Debug */ = {
			isa = XCBuildConfiguration;
			buildSettings = {
				ASSETCATALOG_COMPILER_APPICON_NAME = AppIcon;
				CODE_SIGN_STYLE = Automatic;
				INFOPLIST_FILE = MedicalCode/Info.plist;
				LD_RUNPATH_SEARCH_PATHS = "$(inherited) @executable_path/Frameworks";
				PRODUCT_BUNDLE_IDENTIFIER = com.mine.MedicalCode;
				PRODUCT_NAME = "$(TARGET_NAME)";
				SWIFT_VERSION = 4.0;
				TARGETED_DEVICE_FAMILY = "1,2";
			};
			name = Debug;
		};
		770EC9AF21C6CDF900FAEFA1 /* Release */ = {
			isa = XCBuildConfiguration;
			buildSettings = {
				ASSETCATALOG_COMPILER_APPICON_NAME = AppIcon;
				CODE_SIGN_STYLE = Automatic;
				INFOPLIST_FILE = MedicalCode/Info.plist;
				LD_RUNPATH_SEARCH_PATHS = "$(inherited) @executable_path/Frameworks";
				PRODUCT_BUNDLE_IDENTIFIER = com.mine.MedicalCode;
				PRODUCT_NAME = "$(TARGET_NAME)";
				SWIFT_VERSION = 4.0;
				TARGETED_DEVICE_FAMILY = "1,2";
			};
			name = Release;
		};
/* End XCBuildConfiguration section */

/* Begin XCConfigurationList section */
		770EC99621C6CDF900FAEFA1 /* Build configuration list for PBXProject "MedicalCode" */ = {
			isa = XCConfigurationList;
			buildConfigurations = (
				770EC9AB21C6CDF900FAEFA1 /* Debug */,
				770EC9AC21C6CDF900FAEFA1 /* Release */,
			);
			defaultConfigurationIsVisible = 0;
			defaultConfigurationName = Release;
		};
		770EC9AD21C6CDF900FAEFA1 /* Build configuration list for PBXNativeTarget "MedicalCode" */ = {
			isa = XCConfigurationList;
			buildConfigurations = (
				770EC9AE21C6CDF900FAEFA1 /* Debug */,
				770EC9AF21C6CDF900FAEFA1 /* Release */,
			);
			defaultConfigurationIsVisible = 0;
			defaultConfigurationName = Release;
		};
/* End XCConfigurationList section */
	};
	rootObject = 770EC99321C6CDF900FAEFA1 /* Project object */;
}
